
Microsoft Visual Studio Solution File, Format Version 12.00
# Visual Studio 14
VisualStudioVersion = 14.0.25420.1
MinimumVisualStudioVersion = 10.0.40219.1
Project("{FAE04EC0-301F-11D3-BF4B-00C04F79EFBC}") = "Monopoly_WinForm", "Monopoly_WinForm\Monopoly_WinForm.csproj", "{5C03C8C0-058F-41C9-A950-6EC0CECF171A}"
EndProject
Project("{FAE04EC0-301F-11D3-BF4B-00C04F79EFBC}") = "MonopolyData", "MonopolyData\MonopolyData.csproj", "{EEACFB4E-BDA8-4351-92FB-B080DF5C9DB6}"
EndProject
Global
	GlobalSection(SolutionConfigurationPlatforms) = preSolution
		Debug|Any CPU = Debug|Any CPU
		Release|Any CPU = Release|Any CPU
	EndGlobalSection
	GlobalSection(ProjectConfigurationPlatforms) = postSolution
		{5C03C8C0-058F-41C9-A950-6EC0CECF171A}.Debug|Any CPU.ActiveCfg = Debug|Any CPU
		{5C03C8C0-058F-41C9-A950-6EC0CECF171A}.Debug|Any CPU.Build.0 = Debug|Any CPU
		{5C03C8C0-058F-41C9-A950-6EC0CECF171A}.Release|Any CPU.ActiveCfg = Release|Any CPU
		{5C03C8C0-058F-41C9-A950-6EC0CECF171A}.Release|Any CPU.Build.0 = Release|Any CPU
		{EEACFB4E-BDA8-4351-92FB-B080DF5C9DB6}.Debug|Any CPU.ActiveCfg = Debug|Any CPU
		{EEACFB4E-BDA8-4351-92FB-B080DF5C9DB6}.Debug|Any CPU.Build.0 = Debug|Any CPU
		{EEACFB4E-BDA8-4351-92FB-B080DF5C9DB6}.Release|Any CPU.ActiveCfg = Release|Any CPU
		{EEACFB4E-BDA8-4351-92FB-B080DF5C9DB6}.Release|Any CPU.Build.0 = Release|Any CPU
	EndGlobalSection
	GlobalSection(SolutionProperties) = preSolution
		HideSolutionNode = FALSE
	EndGlobalSection
EndGlobal
